
Microsoft Visual Studio Solution File, Format Version 12.00
# Visual Studio 14
VisualStudioVersion = 14.0.23107.0
MinimumVisualStudioVersion = 14.0.23107.0
Project("{2150E333-8FDC-42A3-9474-1A3956D46DE8}") = "XShooter", "XShooter", "{C7984F03-45EC-4150-BC09-2978DD5E923C}"
	ProjectSection(SiliconStudioPackage) = preProject
		XShooter/XShooter.xkpkg = XShooter/XShooter.xkpkg
	EndProjectSection
EndProject
Project("{FAE04EC0-301F-11D3-BF4B-00C04F79EFBC}") = "XShooter.Windows", "XShooter\XShooter.Windows\XShooter.Windows.csproj", "{59838707-2354-4BD2-AB65-F999F960BC79}"
EndProject
Project("{FAE04EC0-301F-11D3-BF4B-00C04F79EFBC}") = "XShooter.Game", "XShooter\XShooter.Game\XShooter.Game.csproj", "{D4D37B5C-70EE-46A0-818D-C53DB4DE2AAE}"
EndProject
Project("{FAE04EC0-301F-11D3-BF4B-00C04F79EFBC}") = "XShooter.Android", "XShooter\XShooter.Android\XShooter.Android.csproj", "{D7C9CEFB-D2D2-4D14-A290-2E02A1CF8D0B}"
EndProject
Global
	GlobalSection(SolutionConfigurationPlatforms) = preSolution
		AppStore|Android = AppStore|Android
		AppStore|Any CPU = AppStore|Any CPU
		AppStore|Mixed Platforms = AppStore|Mixed Platforms
		AppStore|Windows = AppStore|Windows
		CoreCLR_Debug|Android = CoreCLR_Debug|Android
		CoreCLR_Debug|Any CPU = CoreCLR_Debug|Any CPU
		CoreCLR_Debug|Mixed Platforms = CoreCLR_Debug|Mixed Platforms
		CoreCLR_Debug|Windows = CoreCLR_Debug|Windows
		CoreCLR_Release|Android = CoreCLR_Release|Android
		CoreCLR_Release|Any CPU = CoreCLR_Release|Any CPU
		CoreCLR_Release|Mixed Platforms = CoreCLR_Release|Mixed Platforms
		CoreCLR_Release|Windows = CoreCLR_Release|Windows
		Debug|Android = Debug|Android
		Debug|Any CPU = Debug|Any CPU
		Debug|Mixed Platforms = Debug|Mixed Platforms
		Debug|Windows = Debug|Windows
		Release|Android = Release|Android
		Release|Any CPU = Release|Any CPU
		Release|Mixed Platforms = Release|Mixed Platforms
		Release|Windows = Release|Windows
		Testing|Android = Testing|Android
		Testing|Any CPU = Testing|Any CPU
		Testing|Mixed Platforms = Testing|Mixed Platforms
		Testing|Windows = Testing|Windows
	EndGlobalSection
	GlobalSection(ProjectConfigurationPlatforms) = postSolution
		{59838707-2354-4BD2-AB65-F999F960BC79}.AppStore|Android.ActiveCfg = AppStore|Any CPU
		{59838707-2354-4BD2-AB65-F999F960BC79}.AppStore|Any CPU.ActiveCfg = AppStore|Any CPU
		{59838707-2354-4BD2-AB65-F999F960BC79}.AppStore|Any CPU.Build.0 = AppStore|Any CPU
		{59838707-2354-4BD2-AB65-F999F960BC79}.AppStore|Any CPU.Deploy.0 = AppStore|Any CPU
		{59838707-2354-4BD2-AB65-F999F960BC79}.AppStore|Mixed Platforms.ActiveCfg = AppStore|Any CPU
		{59838707-2354-4BD2-AB65-F999F960BC79}.AppStore|Mixed Platforms.Build.0 = AppStore|Any CPU
		{59838707-2354-4BD2-AB65-F999F960BC79}.AppStore|Mixed Platforms.Deploy.0 = AppStore|Any CPU
		{59838707-2354-4BD2-AB65-F999F960BC79}.AppStore|Windows.ActiveCfg = AppStore|Any CPU
		{59838707-2354-4BD2-AB65-F999F960BC79}.AppStore|Windows.Build.0 = AppStore|Any CPU
		{59838707-2354-4BD2-AB65-F999F960BC79}.AppStore|Windows.Deploy.0 = AppStore|Any CPU
		{59838707-2354-4BD2-AB65-F999F960BC79}.CoreCLR_Debug|Android.ActiveCfg = CoreCLR_Debug|Any CPU
		{59838707-2354-4BD2-AB65-F999F960BC79}.CoreCLR_Debug|Any CPU.ActiveCfg = CoreCLR_Debug|Any CPU
		{59838707-2354-4BD2-AB65-F999F960BC79}.CoreCLR_Debug|Any CPU.Build.0 = CoreCLR_Debug|Any CPU
		{59838707-2354-4BD2-AB65-F999F960BC79}.CoreCLR_Debug|Any CPU.Deploy.0 = CoreCLR_Debug|Any CPU
		{59838707-2354-4BD2-AB65-F999F960BC79}.CoreCLR_Debug|Mixed Platforms.ActiveCfg = CoreCLR_Debug|Any CPU
		{59838707-2354-4BD2-AB65-F999F960BC79}.CoreCLR_Debug|Mixed Platforms.Build.0 = CoreCLR_Debug|Any CPU
		{59838707-2354-4BD2-AB65-F999F960BC79}.CoreCLR_Debug|Mixed Platforms.Deploy.0 = CoreCLR_Debug|Any CPU
		{59838707-2354-4BD2-AB65-F999F960BC79}.CoreCLR_Debug|Windows.ActiveCfg = CoreCLR_Debug|Any CPU
		{59838707-2354-4BD2-AB65-F999F960BC79}.CoreCLR_Debug|Windows.Build.0 = CoreCLR_Debug|Any CPU
		{59838707-2354-4BD2-AB65-F999F960BC79}.CoreCLR_Debug|Windows.Deploy.0 = CoreCLR_Debug|Any CPU
		{59838707-2354-4BD2-AB65-F999F960BC79}.CoreCLR_Release|Android.ActiveCfg = CoreCLR_Release|Any CPU
		{59838707-2354-4BD2-AB65-F999F960BC79}.CoreCLR_Release|Any CPU.ActiveCfg = CoreCLR_Release|Any CPU
		{59838707-2354-4BD2-AB65-F999F960BC79}.CoreCLR_Release|Any CPU.Build.0 = CoreCLR_Release|Any CPU
		{59838707-2354-4BD2-AB65-F999F960BC79}.CoreCLR_Release|Any CPU.Deploy.0 = CoreCLR_Release|Any CPU
		{59838707-2354-4BD2-AB65-F999F960BC79}.CoreCLR_Release|Mixed Platforms.ActiveCfg = CoreCLR_Release|Any CPU
		{59838707-2354-4BD2-AB65-F999F960BC79}.CoreCLR_Release|Mixed Platforms.Build.0 = CoreCLR_Release|Any CPU
		{59838707-2354-4BD2-AB65-F999F960BC79}.CoreCLR_Release|Mixed Platforms.Deploy.0 = CoreCLR_Release|Any CPU
		{59838707-2354-4BD2-AB65-F999F960BC79}.CoreCLR_Release|Windows.ActiveCfg = CoreCLR_Release|Any CPU
		{59838707-2354-4BD2-AB65-F999F960BC79}.CoreCLR_Release|Windows.Build.0 = CoreCLR_Release|Any CPU
		{59838707-2354-4BD2-AB65-F999F960BC79}.CoreCLR_Release|Windows.Deploy.0 = CoreCLR_Release|Any CPU
		{59838707-2354-4BD2-AB65-F999F960BC79}.Debug|Android.ActiveCfg = Debug|Any CPU
		{59838707-2354-4BD2-AB65-F999F960BC79}.Debug|Any CPU.ActiveCfg = Debug|Any CPU
		{59838707-2354-4BD2-AB65-F999F960BC79}.Debug|Any CPU.Build.0 = Debug|Any CPU
		{59838707-2354-4BD2-AB65-F999F960BC79}.Debug|Any CPU.Deploy.0 = Debug|Any CPU
		{59838707-2354-4BD2-AB65-F999F960BC79}.Debug|Mixed Platforms.ActiveCfg = Debug|Any CPU
		{59838707-2354-4BD2-AB65-F999F960BC79}.Debug|Mixed Platforms.Build.0 = Debug|Any CPU
		{59838707-2354-4BD2-AB65-F999F960BC79}.Debug|Mixed Platforms.Deploy.0 = Debug|Any CPU
		{59838707-2354-4BD2-AB65-F999F960BC79}.Debug|Windows.ActiveCfg = Debug|Any CPU
		{59838707-2354-4BD2-AB65-F999F960BC79}.Debug|Windows.Build.0 = Debug|Any CPU
		{59838707-2354-4BD2-AB65-F999F960BC79}.Debug|Windows.Deploy.0 = Debug|Any CPU
		{59838707-2354-4BD2-AB65-F999F960BC79}.Release|Android.ActiveCfg = Release|Any CPU
		{59838707-2354-4BD2-AB65-F999F960BC79}.Release|Any CPU.ActiveCfg = Release|Any CPU
		{59838707-2354-4BD2-AB65-F999F960BC79}.Release|Any CPU.Build.0 = Release|Any CPU
		{59838707-2354-4BD2-AB65-F999F960BC79}.Release|Any CPU.Deploy.0 = Release|Any CPU
		{59838707-2354-4BD2-AB65-F999F960BC79}.Release|Mixed Platforms.ActiveCfg = Release|Any CPU
		{59838707-2354-4BD2-AB65-F999F960BC79}.Release|Mixed Platforms.Build.0 = Release|Any CPU
		{59838707-2354-4BD2-AB65-F999F960BC79}.Release|Mixed Platforms.Deploy.0 = Release|Any CPU
		{59838707-2354-4BD2-AB65-F999F960BC79}.Release|Windows.ActiveCfg = Release|Any CPU
		{59838707-2354-4BD2-AB65-F999F960BC79}.Release|Windows.Build.0 = Release|Any CPU
		{59838707-2354-4BD2-AB65-F999F960BC79}.Release|Windows.Deploy.0 = Release|Any CPU
		{59838707-2354-4BD2-AB65-F999F960BC79}.Testing|Android.ActiveCfg = Testing|Any CPU
		{59838707-2354-4BD2-AB65-F999F960BC79}.Testing|Any CPU.ActiveCfg = Testing|Any CPU
		{59838707-2354-4BD2-AB65-F999F960BC79}.Testing|Any CPU.Build.0 = Testing|Any CPU
		{59838707-2354-4BD2-AB65-F999F960BC79}.Testing|Any CPU.Deploy.0 = Testing|Any CPU
		{59838707-2354-4BD2-AB65-F999F960BC79}.Testing|Mixed Platforms.ActiveCfg = Testing|Any CPU
		{59838707-2354-4BD2-AB65-F999F960BC79}.Testing|Mixed Platforms.Build.0 = Testing|Any CPU
		{59838707-2354-4BD2-AB65-F999F960BC79}.Testing|Mixed Platforms.Deploy.0 = Testing|Any CPU
		{59838707-2354-4BD2-AB65-F999F960BC79}.Testing|Windows.ActiveCfg = Testing|Any CPU
		{59838707-2354-4BD2-AB65-F999F960BC79}.Testing|Windows.Build.0 = Testing|Any CPU
		{59838707-2354-4BD2-AB65-F999F960BC79}.Testing|Windows.Deploy.0 = Testing|Any CPU
		{D4D37B5C-70EE-46A0-818D-C53DB4DE2AAE}.AppStore|Android.ActiveCfg = AppStore|Android
		{D4D37B5C-70EE-46A0-818D-C53DB4DE2AAE}.AppStore|Android.Build.0 = AppStore|Android
		{D4D37B5C-70EE-46A0-818D-C53DB4DE2AAE}.AppStore|Any CPU.ActiveCfg = AppStore|Any CPU
		{D4D37B5C-70EE-46A0-818D-C53DB4DE2AAE}.AppStore|Any CPU.Build.0 = AppStore|Any CPU
		{D4D37B5C-70EE-46A0-818D-C53DB4DE2AAE}.AppStore|Mixed Platforms.ActiveCfg = AppStore|Any CPU
		{D4D37B5C-70EE-46A0-818D-C53DB4DE2AAE}.AppStore|Mixed Platforms.Build.0 = AppStore|Any CPU
		{D4D37B5C-70EE-46A0-818D-C53DB4DE2AAE}.AppStore|Windows.ActiveCfg = AppStore|Any CPU
		{D4D37B5C-70EE-46A0-818D-C53DB4DE2AAE}.AppStore|Windows.Build.0 = AppStore|Any CPU
		{D4D37B5C-70EE-46A0-818D-C53DB4DE2AAE}.CoreCLR_Debug|Android.ActiveCfg = Debug|Android
		{D4D37B5C-70EE-46A0-818D-C53DB4DE2AAE}.CoreCLR_Debug|Any CPU.ActiveCfg = CoreCLR_Debug|Any CPU
		{D4D37B5C-70EE-46A0-818D-C53DB4DE2AAE}.CoreCLR_Debug|Any CPU.Build.0 = CoreCLR_Debug|Any CPU
		{D4D37B5C-70EE-46A0-818D-C53DB4DE2AAE}.CoreCLR_Debug|Mixed Platforms.ActiveCfg = CoreCLR_Debug|Any CPU
		{D4D37B5C-70EE-46A0-818D-C53DB4DE2AAE}.CoreCLR_Debug|Mixed Platforms.Build.0 = CoreCLR_Debug|Any CPU
		{D4D37B5C-70EE-46A0-818D-C53DB4DE2AAE}.CoreCLR_Debug|Windows.ActiveCfg = CoreCLR_Debug|Any CPU
		{D4D37B5C-70EE-46A0-818D-C53DB4DE2AAE}.CoreCLR_Debug|Windows.Build.0 = CoreCLR_Debug|Any CPU
		{D4D37B5C-70EE-46A0-818D-C53DB4DE2AAE}.CoreCLR_Release|Android.ActiveCfg = Debug|Android
		{D4D37B5C-70EE-46A0-818D-C53DB4DE2AAE}.CoreCLR_Release|Any CPU.ActiveCfg = CoreCLR_Release|Any CPU
		{D4D37B5C-70EE-46A0-818D-C53DB4DE2AAE}.CoreCLR_Release|Any CPU.Build.0 = CoreCLR_Release|Any CPU
		{D4D37B5C-70EE-46A0-818D-C53DB4DE2AAE}.CoreCLR_Release|Mixed Platforms.ActiveCfg = CoreCLR_Release|Any CPU
		{D4D37B5C-70EE-46A0-818D-C53DB4DE2AAE}.CoreCLR_Release|Mixed Platforms.Build.0 = CoreCLR_Release|Any CPU
		{D4D37B5C-70EE-46A0-818D-C53DB4DE2AAE}.CoreCLR_Release|Windows.ActiveCfg = CoreCLR_Release|Any CPU
		{D4D37B5C-70EE-46A0-818D-C53DB4DE2AAE}.CoreCLR_Release|Windows.Build.0 = CoreCLR_Release|Any CPU
		{D4D37B5C-70EE-46A0-818D-C53DB4DE2AAE}.Debug|Android.ActiveCfg = Debug|Android
		{D4D37B5C-70EE-46A0-818D-C53DB4DE2AAE}.Debug|Android.Build.0 = Debug|Android
		{D4D37B5C-70EE-46A0-818D-C53DB4DE2AAE}.Debug|Any CPU.ActiveCfg = Debug|Any CPU
		{D4D37B5C-70EE-46A0-818D-C53DB4DE2AAE}.Debug|Any CPU.Build.0 = Debug|Any CPU
		{D4D37B5C-70EE-46A0-818D-C53DB4DE2AAE}.Debug|Mixed Platforms.ActiveCfg = Debug|Any CPU
		{D4D37B5C-70EE-46A0-818D-C53DB4DE2AAE}.Debug|Mixed Platforms.Build.0 = Debug|Any CPU
		{D4D37B5C-70EE-46A0-818D-C53DB4DE2AAE}.Debug|Windows.ActiveCfg = Debug|Any CPU
		{D4D37B5C-70EE-46A0-818D-C53DB4DE2AAE}.Debug|Windows.Build.0 = Debug|Any CPU
		{D4D37B5C-70EE-46A0-818D-C53DB4DE2AAE}.Release|Android.ActiveCfg = Release|Android
		{D4D37B5C-70EE-46A0-818D-C53DB4DE2AAE}.Release|Android.Build.0 = Release|Android
		{D4D37B5C-70EE-46A0-818D-C53DB4DE2AAE}.Release|Any CPU.ActiveCfg = Release|Any CPU
		{D4D37B5C-70EE-46A0-818D-C53DB4DE2AAE}.Release|Any CPU.Build.0 = Release|Any CPU
		{D4D37B5C-70EE-46A0-818D-C53DB4DE2AAE}.Release|Mixed Platforms.ActiveCfg = Release|Any CPU
		{D4D37B5C-70EE-46A0-818D-C53DB4DE2AAE}.Release|Mixed Platforms.Build.0 = Release|Any CPU
		{D4D37B5C-70EE-46A0-818D-C53DB4DE2AAE}.Release|Windows.ActiveCfg = Release|Any CPU
		{D4D37B5C-70EE-46A0-818D-C53DB4DE2AAE}.Release|Windows.Build.0 = Release|Any CPU
		{D4D37B5C-70EE-46A0-818D-C53DB4DE2AAE}.Testing|Android.ActiveCfg = Testing|Android
		{D4D37B5C-70EE-46A0-818D-C53DB4DE2AAE}.Testing|Android.Build.0 = Testing|Android
		{D4D37B5C-70EE-46A0-818D-C53DB4DE2AAE}.Testing|Any CPU.ActiveCfg = Testing|Any CPU
		{D4D37B5C-70EE-46A0-818D-C53DB4DE2AAE}.Testing|Any CPU.Build.0 = Testing|Any CPU
		{D4D37B5C-70EE-46A0-818D-C53DB4DE2AAE}.Testing|Mixed Platforms.ActiveCfg = Testing|Any CPU
		{D4D37B5C-70EE-46A0-818D-C53DB4DE2AAE}.Testing|Mixed Platforms.Build.0 = Testing|Any CPU
		{D4D37B5C-70EE-46A0-818D-C53DB4DE2AAE}.Testing|Windows.ActiveCfg = Testing|Any CPU
		{D4D37B5C-70EE-46A0-818D-C53DB4DE2AAE}.Testing|Windows.Build.0 = Testing|Any CPU
		{D7C9CEFB-D2D2-4D14-A290-2E02A1CF8D0B}.AppStore|Android.ActiveCfg = AppStore|Android
		{D7C9CEFB-D2D2-4D14-A290-2E02A1CF8D0B}.AppStore|Android.Build.0 = AppStore|Android
		{D7C9CEFB-D2D2-4D14-A290-2E02A1CF8D0B}.AppStore|Android.Deploy.0 = AppStore|Android
		{D7C9CEFB-D2D2-4D14-A290-2E02A1CF8D0B}.AppStore|Any CPU.ActiveCfg = AppStore|Android
		{D7C9CEFB-D2D2-4D14-A290-2E02A1CF8D0B}.AppStore|Mixed Platforms.ActiveCfg = AppStore|Android
		{D7C9CEFB-D2D2-4D14-A290-2E02A1CF8D0B}.AppStore|Windows.ActiveCfg = AppStore|Android
		{D7C9CEFB-D2D2-4D14-A290-2E02A1CF8D0B}.CoreCLR_Debug|Android.ActiveCfg = Debug|Android
		{D7C9CEFB-D2D2-4D14-A290-2E02A1CF8D0B}.CoreCLR_Debug|Any CPU.ActiveCfg = Debug|Android
		{D7C9CEFB-D2D2-4D14-A290-2E02A1CF8D0B}.CoreCLR_Debug|Mixed Platforms.ActiveCfg = Debug|Android
		{D7C9CEFB-D2D2-4D14-A290-2E02A1CF8D0B}.CoreCLR_Debug|Windows.ActiveCfg = Debug|Android
		{D7C9CEFB-D2D2-4D14-A290-2E02A1CF8D0B}.CoreCLR_Release|Android.ActiveCfg = Debug|Android
		{D7C9CEFB-D2D2-4D14-A290-2E02A1CF8D0B}.CoreCLR_Release|Any CPU.ActiveCfg = Debug|Android
		{D7C9CEFB-D2D2-4D14-A290-2E02A1CF8D0B}.CoreCLR_Release|Mixed Platforms.ActiveCfg = Debug|Android
		{D7C9CEFB-D2D2-4D14-A290-2E02A1CF8D0B}.CoreCLR_Release|Windows.ActiveCfg = Debug|Android
		{D7C9CEFB-D2D2-4D14-A290-2E02A1CF8D0B}.Debug|Android.ActiveCfg = Debug|Android
		{D7C9CEFB-D2D2-4D14-A290-2E02A1CF8D0B}.Debug|Android.Build.0 = Debug|Android
		{D7C9CEFB-D2D2-4D14-A290-2E02A1CF8D0B}.Debug|Android.Deploy.0 = Debug|Android
		{D7C9CEFB-D2D2-4D14-A290-2E02A1CF8D0B}.Debug|Any CPU.ActiveCfg = Debug|Android
		{D7C9CEFB-D2D2-4D14-A290-2E02A1CF8D0B}.Debug|Mixed Platforms.ActiveCfg = Debug|Android
		{D7C9CEFB-D2D2-4D14-A290-2E02A1CF8D0B}.Debug|Windows.ActiveCfg = Debug|Android
		{D7C9CEFB-D2D2-4D14-A290-2E02A1CF8D0B}.Release|Android.ActiveCfg = Release|Android
		{D7C9CEFB-D2D2-4D14-A290-2E02A1CF8D0B}.Release|Android.Build.0 = Release|Android
		{D7C9CEFB-D2D2-4D14-A290-2E02A1CF8D0B}.Release|Android.Deploy.0 = Release|Android
		{D7C9CEFB-D2D2-4D14-A290-2E02A1CF8D0B}.Release|Any CPU.ActiveCfg = Release|Android
		{D7C9CEFB-D2D2-4D14-A290-2E02A1CF8D0B}.Release|Mixed Platforms.ActiveCfg = Release|Android
		{D7C9CEFB-D2D2-4D14-A290-2E02A1CF8D0B}.Release|Windows.ActiveCfg = Release|Android
		{D7C9CEFB-D2D2-4D14-A290-2E02A1CF8D0B}.Testing|Android.ActiveCfg = Testing|Android
		{D7C9CEFB-D2D2-4D14-A290-2E02A1CF8D0B}.Testing|Android.Build.0 = Testing|Android
		{D7C9CEFB-D2D2-4D14-A290-2E02A1CF8D0B}.Testing|Android.Deploy.0 = Testing|Android
		{D7C9CEFB-D2D2-4D14-A290-2E02A1CF8D0B}.Testing|Any CPU.ActiveCfg = Testing|Android
		{D7C9CEFB-D2D2-4D14-A290-2E02A1CF8D0B}.Testing|Mixed Platforms.ActiveCfg = Testing|Android
		{D7C9CEFB-D2D2-4D14-A290-2E02A1CF8D0B}.Testing|Windows.ActiveCfg = Testing|Android
	EndGlobalSection
	GlobalSection(NestedProjects) = preSolution
		{59838707-2354-4BD2-AB65-F999F960BC79} = {C7984F03-45EC-4150-BC09-2978DD5E923C}
		{D4D37B5C-70EE-46A0-818D-C53DB4DE2AAE} = {C7984F03-45EC-4150-BC09-2978DD5E923C}
		{D7C9CEFB-D2D2-4D14-A290-2E02A1CF8D0B} = {C7984F03-45EC-4150-BC09-2978DD5E923C}
	EndGlobalSection
EndGlobal
